
Microsoft Visual Studio Solution File, Format Version 12.00
# Visual Studio Version 16
VisualStudioVersion = 16.0.30717.126
MinimumVisualStudioVersion = 10.0.40219.1
Project("{FAE04EC0-301F-11D3-BF4B-00C04F79EFBC}") = "OOP_Odev1", "OOP_Odev1\OOP_Odev1.csproj", "{856C870D-E392-4AF4-9BE5-FE168D30B069}"
EndProject
Global
	GlobalSection(SolutionConfigurationPlatforms) = preSolution
		Debug|Any CPU = Debug|Any CPU
		Release|Any CPU = Release|Any CPU
	EndGlobalSection
	GlobalSection(ProjectConfigurationPlatforms) = postSolution
		{856C870D-E392-4AF4-9BE5-FE168D30B069}.Debug|Any CPU.ActiveCfg = Debug|Any CPU
		{856C870D-E392-4AF4-9BE5-FE168D30B069}.Debug|Any CPU.Build.0 = Debug|Any CPU
		{856C870D-E392-4AF4-9BE5-FE168D30B069}.Release|Any CPU.ActiveCfg = Release|Any CPU
		{856C870D-E392-4AF4-9BE5-FE168D30B069}.Release|Any CPU.Build.0 = Release|Any CPU
	EndGlobalSection
	GlobalSection(SolutionProperties) = preSolution
		HideSolutionNode = FALSE
	EndGlobalSection
	GlobalSection(ExtensibilityGlobals) = postSolution
		SolutionGuid = {4B03E242-3661-43FF-9549-CDAEF276B9BE}
	EndGlobalSection
EndGlobal
